// !$*UTF8*$!
{
	archiveVersion = 1;
	classes = {
	};
	objectVersion = 50;
	objects = {

/* Begin PBXBuildFile section */
		9F49B4AB219BC2D500A71691 /* SocialLabel.swift in Sources */ = {isa = PBXBuildFile; fileRef = 9F49B4AA219BC2D500A71691 /* SocialLabel.swift */; };
		9F778B27219BBF1D008C32A2 /* AppDelegate.swift in Sources */ = {isa = PBXBuildFile; fileRef = 9F778B26219BBF1D008C32A2 /* AppDelegate.swift */; };
		9F778B29219BBF1D008C32A2 /* ViewController.swift in Sources */ = {isa = PBXBuildFile; fileRef = 9F778B28219BBF1D008C32A2 /* ViewController.swift */; };
		9F778B2C219BBF1D008C32A2 /* Main.storyboard in Resources */ = {isa = PBXBuildFile; fileRef = 9F778B2A219BBF1D008C32A2 /* Main.storyboard */; };
		9F778B2E219BBF1E008C32A2 /* Assets.xcassets in Resources */ = {isa = PBXBuildFile; fileRef = 9F778B2D219BBF1E008C32A2 /* Assets.xcassets */; };
		9F778B31219BBF1E008C32A2 /* LaunchScreen.storyboard in Resources */ = {isa = PBXBuildFile; fileRef = 9F778B2F219BBF1E008C32A2 /* LaunchScreen.storyboard */; };
		9F937770219C967F00D8A814 /* StringEmojiHelper.swift in Sources */ = {isa = PBXBuildFile; fileRef = 9F93776F219C967F00D8A814 /* StringEmojiHelper.swift */; };
		9FA7FBA3219D5D22008C4F27 /* ElementBuilder.swift in Sources */ = {isa = PBXBuildFile; fileRef = 9FA7FBA2219D5D22008C4F27 /* ElementBuilder.swift */; };
		9FB66255219BCCE500EA13A5 /* TextCopyable.swift in Sources */ = {isa = PBXBuildFile; fileRef = 9FB66254219BCCE500EA13A5 /* TextCopyable.swift */; };
		9FB66257219BCE8F00EA13A5 /* RegexParser.swift in Sources */ = {isa = PBXBuildFile; fileRef = 9FB66256219BCE8F00EA13A5 /* RegexParser.swift */; };
		9FB66259219BCFAE00EA13A5 /* SocialType.swift in Sources */ = {isa = PBXBuildFile; fileRef = 9FB66258219BCFAE00EA13A5 /* SocialType.swift */; };
		9FB6625B219BF57E00EA13A5 /* SocialRegex.swift in Sources */ = {isa = PBXBuildFile; fileRef = 9FB6625A219BF57E00EA13A5 /* SocialRegex.swift */; };
		9FB6625D219C132100EA13A5 /* NSRangeHelper.swift in Sources */ = {isa = PBXBuildFile; fileRef = 9FB6625C219C132100EA13A5 /* NSRangeHelper.swift */; };
		9FB6625F219C201E00EA13A5 /* SocialColor.swift in Sources */ = {isa = PBXBuildFile; fileRef = 9FB6625E219C201E00EA13A5 /* SocialColor.swift */; };
/* End PBXBuildFile section */

/* Begin PBXFileReference section */
		9F49B4AA219BC2D500A71691 /* SocialLabel.swift */ = {isa = PBXFileReference; lastKnownFileType = sourcecode.swift; path = SocialLabel.swift; sourceTree = "<group>"; };
		9F778B23219BBF1D008C32A2 /* SocialLabel.app */ = {isa = PBXFileReference; explicitFileType = wrapper.application; includeInIndex = 0; path = SocialLabel.app; sourceTree = BUILT_PRODUCTS_DIR; };
		9F778B26219BBF1D008C32A2 /* AppDelegate.swift */ = {isa = PBXFileReference; lastKnownFileType = sourcecode.swift; path = AppDelegate.swift; sourceTree = "<group>"; };
		9F778B28219BBF1D008C32A2 /* ViewController.swift */ = {isa = PBXFileReference; lastKnownFileType = sourcecode.swift; path = ViewController.swift; sourceTree = "<group>"; };
		9F778B2B219BBF1D008C32A2 /* Base */ = {isa = PBXFileReference; lastKnownFileType = file.storyboard; name = Base; path = Base.lproj/Main.storyboard; sourceTree = "<group>"; };
		9F778B2D219BBF1E008C32A2 /* Assets.xcassets */ = {isa = PBXFileReference; lastKnownFileType = folder.assetcatalog; path = Assets.xcassets; sourceTree = "<group>"; };
		9F778B30219BBF1E008C32A2 /* Base */ = {isa = PBXFileReference; lastKnownFileType = file.storyboard; name = Base; path = Base.lproj/LaunchScreen.storyboard; sourceTree = "<group>"; };
		9F778B32219BBF1E008C32A2 /* Info.plist */ = {isa = PBXFileReference; lastKnownFileType = text.plist.xml; path = Info.plist; sourceTree = "<group>"; };
		9F93776F219C967F00D8A814 /* StringEmojiHelper.swift */ = {isa = PBXFileReference; lastKnownFileType = sourcecode.swift; path = StringEmojiHelper.swift; sourceTree = "<group>"; };
		9FA7FBA2219D5D22008C4F27 /* ElementBuilder.swift */ = {isa = PBXFileReference; lastKnownFileType = sourcecode.swift; path = ElementBuilder.swift; sourceTree = "<group>"; };
		9FB66254219BCCE500EA13A5 /* TextCopyable.swift */ = {isa = PBXFileReference; lastKnownFileType = sourcecode.swift; path = TextCopyable.swift; sourceTree = "<group>"; };
		9FB66256219BCE8F00EA13A5 /* RegexParser.swift */ = {isa = PBXFileReference; lastKnownFileType = sourcecode.swift; path = RegexParser.swift; sourceTree = "<group>"; };
		9FB66258219BCFAE00EA13A5 /* SocialType.swift */ = {isa = PBXFileReference; lastKnownFileType = sourcecode.swift; path = SocialType.swift; sourceTree = "<group>"; };
		9FB6625A219BF57E00EA13A5 /* SocialRegex.swift */ = {isa = PBXFileReference; lastKnownFileType = sourcecode.swift; path = SocialRegex.swift; sourceTree = "<group>"; };
		9FB6625C219C132100EA13A5 /* NSRangeHelper.swift */ = {isa = PBXFileReference; lastKnownFileType = sourcecode.swift; path = NSRangeHelper.swift; sourceTree = "<group>"; };
		9FB6625E219C201E00EA13A5 /* SocialColor.swift */ = {isa = PBXFileReference; lastKnownFileType = sourcecode.swift; path = SocialColor.swift; sourceTree = "<group>"; };
/* End PBXFileReference section */

/* Begin PBXFrameworksBuildPhase section */
		9F778B20219BBF1D008C32A2 /* Frameworks */ = {
			isa = PBXFrameworksBuildPhase;
			buildActionMask = 2147483647;
			files = (
			);
			runOnlyForDeploymentPostprocessing = 0;
		};
/* End PBXFrameworksBuildPhase section */

/* Begin PBXGroup section */
		9F778B1A219BBF1C008C32A2 = {
			isa = PBXGroup;
			children = (
				9F778B25219BBF1D008C32A2 /* SocialLabel */,
				9F778B24219BBF1D008C32A2 /* Products */,
			);
			sourceTree = "<group>";
		};
		9F778B24219BBF1D008C32A2 /* Products */ = {
			isa = PBXGroup;
			children = (
				9F778B23219BBF1D008C32A2 /* SocialLabel.app */,
			);
			name = Products;
			sourceTree = "<group>";
		};
		9F778B25219BBF1D008C32A2 /* SocialLabel */ = {
			isa = PBXGroup;
			children = (
				9F778B26219BBF1D008C32A2 /* AppDelegate.swift */,
				9F778B28219BBF1D008C32A2 /* ViewController.swift */,
				9FB6625E219C201E00EA13A5 /* SocialColor.swift */,
				9F778B2A219BBF1D008C32A2 /* Main.storyboard */,
				9FB66253219BCCBE00EA13A5 /* SocialLabel */,
				9F778B2D219BBF1E008C32A2 /* Assets.xcassets */,
				9F778B2F219BBF1E008C32A2 /* LaunchScreen.storyboard */,
				9F778B32219BBF1E008C32A2 /* Info.plist */,
			);
			path = SocialLabel;
			sourceTree = "<group>";
		};
		9FB66253219BCCBE00EA13A5 /* SocialLabel */ = {
			isa = PBXGroup;
			children = (
				9F49B4AA219BC2D500A71691 /* SocialLabel.swift */,
				9FB66258219BCFAE00EA13A5 /* SocialType.swift */,
				9FB66254219BCCE500EA13A5 /* TextCopyable.swift */,
				9FB66256219BCE8F00EA13A5 /* RegexParser.swift */,
				9FA7FBA2219D5D22008C4F27 /* ElementBuilder.swift */,
				9FB6625A219BF57E00EA13A5 /* SocialRegex.swift */,
				9FB6625C219C132100EA13A5 /* NSRangeHelper.swift */,
				9F93776F219C967F00D8A814 /* StringEmojiHelper.swift */,
			);
			path = SocialLabel;
			sourceTree = "<group>";
		};
/* End PBXGroup section */

/* Begin PBXNativeTarget section */
		9F778B22219BBF1D008C32A2 /* SocialLabel */ = {
			isa = PBXNativeTarget;
			buildConfigurationList = 9F778B35219BBF1E008C32A2 /* Build configuration list for PBXNativeTarget "SocialLabel" */;
			buildPhases = (
				9F778B1F219BBF1D008C32A2 /* Sources */,
				9F778B20219BBF1D008C32A2 /* Frameworks */,
				9F778B21219BBF1D008C32A2 /* Resources */,
			);
			buildRules = (
			);
			dependencies = (
			);
			name = SocialLabel;
			productName = SocialLabel;
			productReference = 9F778B23219BBF1D008C32A2 /* SocialLabel.app */;
			productType = "com.apple.product-type.application";
		};
/* End PBXNativeTarget section */

/* Begin PBXProject section */
		9F778B1B219BBF1C008C32A2 /* Project object */ = {
			isa = PBXProject;
			attributes = {
				LastSwiftUpdateCheck = 1010;
				LastUpgradeCheck = 1010;
				ORGANIZATIONNAME = "Boshi Li";
				TargetAttributes = {
					9F778B22219BBF1D008C32A2 = {
						CreatedOnToolsVersion = 10.1;
					};
				};
			};
			buildConfigurationList = 9F778B1E219BBF1D008C32A2 /* Build configuration list for PBXProject "SocialLabel" */;
			compatibilityVersion = "Xcode 9.3";
			developmentRegion = en;
			hasScannedForEncodings = 0;
			knownRegions = (
				en,
				Base,
			);
			mainGroup = 9F778B1A219BBF1C008C32A2;
			productRefGroup = 9F778B24219BBF1D008C32A2 /* Products */;
			projectDirPath = "";
			projectRoot = "";
			targets = (
				9F778B22219BBF1D008C32A2 /* SocialLabel */,
			);
		};
/* End PBXProject section */

/* Begin PBXResourcesBuildPhase section */
		9F778B21219BBF1D008C32A2 /* Resources */ = {
			isa = PBXResourcesBuildPhase;
			buildActionMask = 2147483647;
			files = (
				9F778B31219BBF1E008C32A2 /* LaunchScreen.storyboard in Resources */,
				9F778B2E219BBF1E008C32A2 /* Assets.xcassets in Resources */,
				9F778B2C219BBF1D008C32A2 /* Main.storyboard in Resources */,
			);
			runOnlyForDeploymentPostprocessing = 0;
		};
/* End PBXResourcesBuildPhase section */

/* Begin PBXSourcesBuildPhase section */
		9F778B1F219BBF1D008C32A2 /* Sources */ = {
			isa = PBXSourcesBuildPhase;
			buildActionMask = 2147483647;
			files = (
				9FB66257219BCE8F00EA13A5 /* RegexParser.swift in Sources */,
				9F778B29219BBF1D008C32A2 /* ViewController.swift in Sources */,
				9FB66255219BCCE500EA13A5 /* TextCopyable.swift in Sources */,
				9F937770219C967F00D8A814 /* StringEmojiHelper.swift in Sources */,
				9F49B4AB219BC2D500A71691 /* SocialLabel.swift in Sources */,
				9FB6625D219C132100EA13A5 /* NSRangeHelper.swift in Sources */,
				9FB6625B219BF57E00EA13A5 /* SocialRegex.swift in Sources */,
				9FA7FBA3219D5D22008C4F27 /* ElementBuilder.swift in Sources */,
				9FB66259219BCFAE00EA13A5 /* SocialType.swift in Sources */,
				9F778B27219BBF1D008C32A2 /* AppDelegate.swift in Sources */,
				9FB6625F219C201E00EA13A5 /* SocialColor.swift in Sources */,
			);
			runOnlyForDeploymentPostprocessing = 0;
		};
/* End PBXSourcesBuildPhase section */

/* Begin PBXVariantGroup section */
		9F778B2A219BBF1D008C32A2 /* Main.storyboard */ = {
			isa = PBXVariantGroup;
			children = (
				9F778B2B219BBF1D008C32A2 /* Base */,
			);
			name = Main.storyboard;
			sourceTree = "<group>";
		};
		9F778B2F219BBF1E008C32A2 /* LaunchScreen.storyboard */ = {
			isa = PBXVariantGroup;
			children = (
				9F778B30219BBF1E008C32A2 /* Base */,
			);
			name = LaunchScreen.storyboard;
			sourceTree = "<group>";
		};
/* End PBXVariantGroup section */

/* Begin XCBuildConfiguration section */
		9F778B33219BBF1E008C32A2 /* Debug */ = {
			isa = XCBuildConfiguration;
			buildSettings = {
				ALWAYS_SEARCH_USER_PATHS = NO;
				CLANG_ANALYZER_NONNULL = YES;
				CLANG_ANALYZER_NUMBER_OBJECT_CONVERSION = YES_AGGRESSIVE;
				CLANG_CXX_LANGUAGE_STANDARD = "gnu++14";
				CLANG_CXX_LIBRARY = "libc++";
				CLANG_ENABLE_MODULES = YES;
				CLANG_ENABLE_OBJC_ARC = YES;
				CLANG_ENABLE_OBJC_WEAK = YES;
				CLANG_WARN_BLOCK_CAPTURE_AUTORELEASING = YES;
				CLANG_WARN_BOOL_CONVERSION = YES;
				CLANG_WARN_COMMA = YES;
				CLANG_WARN_CONSTANT_CONVERSION = YES;
				CLANG_WARN_DEPRECATED_OBJC_IMPLEMENTATIONS = YES;
				CLANG_WARN_DIRECT_OBJC_ISA_USAGE = YES_ERROR;
				CLANG_WARN_DOCUMENTATION_COMMENTS = YES;
				CLANG_WARN_EMPTY_BODY = YES;
				CLANG_WARN_ENUM_CONVERSION = YES;
				CLANG_WARN_INFINITE_RECURSION = YES;
				CLANG_WARN_INT_CONVERSION = YES;
				CLANG_WARN_NON_LITERAL_NULL_CONVERSION = YES;
				CLANG_WARN_OBJC_IMPLICIT_RETAIN_SELF = YES;
				CLANG_WARN_OBJC_LITERAL_CONVERSION = YES;
				CLANG_WARN_OBJC_ROOT_CLASS = YES_ERROR;
				CLANG_WARN_RANGE_LOOP_ANALYSIS = YES;
				CLANG_WARN_STRICT_PROTOTYPES = YES;
				CLANG_WARN_SUSPICIOUS_MOVE = YES;
				CLANG_WARN_UNGUARDED_AVAILABILITY = YES_AGGRESSIVE;
				CLANG_WARN_UNREACHABLE_CODE = YES;
				CLANG_WARN__DUPLICATE_METHOD_MATCH = YES;
				CODE_SIGN_IDENTITY = "iPhone Developer";
				COPY_PHASE_STRIP = NO;
				DEBUG_INFORMATION_FORMAT = dwarf;
				ENABLE_STRICT_OBJC_MSGSEND = YES;
				ENABLE_TESTABILITY = YES;
				GCC_C_LANGUAGE_STANDARD = gnu11;
				GCC_DYNAMIC_NO_PIC = NO;
				GCC_NO_COMMON_BLOCKS = YES;
				GCC_OPTIMIZATION_LEVEL = 0;
				GCC_PREPROCESSOR_DEFINITIONS = (
					"DEBUG=1",
					"$(inherited)",
				);
				GCC_WARN_64_TO_32_BIT_CONVERSION = YES;
				GCC_WARN_ABOUT_RETURN_TYPE = YES_ERROR;
				GCC_WARN_UNDECLARED_SELECTOR = YES;
				GCC_WARN_UNINITIALIZED_AUTOS = YES_AGGRESSIVE;
				GCC_WARN_UNUSED_FUNCTION = YES;
				GCC_WARN_UNUSED_VARIABLE = YES;
				IPHONEOS_DEPLOYMENT_TARGET = 12.1;
				MTL_ENABLE_DEBUG_INFO = INCLUDE_SOURCE;
				MTL_FAST_MATH = YES;
				ONLY_ACTIVE_ARCH = YES;
				SDKROOT = iphoneos;
				SWIFT_ACTIVE_COMPILATION_CONDITIONS = DEBUG;
				SWIFT_OPTIMIZATION_LEVEL = "-Onone";
			};
			name = Debug;
		};
		9F778B34219BBF1E008C32A2 /* Release */ = {
			isa = XCBuildConfiguration;
			buildSettings = {
				ALWAYS_SEARCH_USER_PATHS = NO;
				CLANG_ANALYZER_NONNULL = YES;
				CLANG_ANALYZER_NUMBER_OBJECT_CONVERSION = YES_AGGRESSIVE;
				CLANG_CXX_LANGUAGE_STANDARD = "gnu++14";
				CLANG_CXX_LIBRARY = "libc++";
				CLANG_ENABLE_MODULES = YES;
				CLANG_ENABLE_OBJC_ARC = YES;
				CLANG_ENABLE_OBJC_WEAK = YES;
				CLANG_WARN_BLOCK_CAPTURE_AUTORELEASING = YES;
				CLANG_WARN_BOOL_CONVERSION = YES;
				CLANG_WARN_COMMA = YES;
				CLANG_WARN_CONSTANT_CONVERSION = YES;
				CLANG_WARN_DEPRECATED_OBJC_IMPLEMENTATIONS = YES;
				CLANG_WARN_DIRECT_OBJC_ISA_USAGE = YES_ERROR;
				CLANG_WARN_DOCUMENTATION_COMMENTS = YES;
				CLANG_WARN_EMPTY_BODY = YES;
				CLANG_WARN_ENUM_CONVERSION = YES;
				CLANG_WARN_INFINITE_RECURSION = YES;
				CLANG_WARN_INT_CONVERSION = YES;
				CLANG_WARN_NON_LITERAL_NULL_CONVERSION = YES;
				CLANG_WARN_OBJC_IMPLICIT_RETAIN_SELF = YES;
				CLANG_WARN_OBJC_LITERAL_CONVERSION = YES;
				CLANG_WARN_OBJC_ROOT_CLASS = YES_ERROR;
				CLANG_WARN_RANGE_LOOP_ANALYSIS = YES;
				CLANG_WARN_STRICT_PROTOTYPES = YES;
				CLANG_WARN_SUSPICIOUS_MOVE = YES;
				CLANG_WARN_UNGUARDED_AVAILABILITY = YES_AGGRESSIVE;
				CLANG_WARN_UNREACHABLE_CODE = YES;
				CLANG_WARN__DUPLICATE_METHOD_MATCH = YES;
				CODE_SIGN_IDENTITY = "iPhone Developer";
				COPY_PHASE_STRIP = NO;
				DEBUG_INFORMATION_FORMAT = "dwarf-with-dsym";
				ENABLE_NS_ASSERTIONS = NO;
				ENABLE_STRICT_OBJC_MSGSEND = YES;
				GCC_C_LANGUAGE_STANDARD = gnu11;
				GCC_NO_COMMON_BLOCKS = YES;
				GCC_WARN_64_TO_32_BIT_CONVERSION = YES;
				GCC_WARN_ABOUT_RETURN_TYPE = YES_ERROR;
				GCC_WARN_UNDECLARED_SELECTOR = YES;
				GCC_WARN_UNINITIALIZED_AUTOS = YES_AGGRESSIVE;
				GCC_WARN_UNUSED_FUNCTION = YES;
				GCC_WARN_UNUSED_VARIABLE = YES;
				IPHONEOS_DEPLOYMENT_TARGET = 12.1;
				MTL_ENABLE_DEBUG_INFO = NO;
				MTL_FAST_MATH = YES;
				SDKROOT = iphoneos;
				SWIFT_COMPILATION_MODE = wholemodule;
				SWIFT_OPTIMIZATION_LEVEL = "-O";
				VALIDATE_PRODUCT = YES;
			};
			name = Release;
		};
		9F778B36219BBF1E008C32A2 /* Debug */ = {
			isa = XCBuildConfiguration;
			buildSettings = {
				ASSETCATALOG_COMPILER_APPICON_NAME = AppIcon;
				CODE_SIGN_STYLE = Automatic;
				DEVELOPMENT_TEAM = 2HXB6WJT8C;
				INFOPLIST_FILE = SocialLabel/Info.plist;
				LD_RUNPATH_SEARCH_PATHS = (
					"$(inherited)",
					"@executable_path/Frameworks",
				);
				PRODUCT_BUNDLE_IDENTIFIER = com.Bump.SocialLabel;
				PRODUCT_NAME = "$(TARGET_NAME)";
				SWIFT_VERSION = 4.2;
				TARGETED_DEVICE_FAMILY = "1,2";
			};
			name = Debug;
		};
		9F778B37219BBF1E008C32A2 /* Release */ = {
			isa = XCBuildConfiguration;
			buildSettings = {
				ASSETCATALOG_COMPILER_APPICON_NAME = AppIcon;
				CODE_SIGN_STYLE = Automatic;
				DEVELOPMENT_TEAM = 2HXB6WJT8C;
				INFOPLIST_FILE = SocialLabel/Info.plist;
				LD_RUNPATH_SEARCH_PATHS = (
					"$(inherited)",
					"@executable_path/Frameworks",
				);
				PRODUCT_BUNDLE_IDENTIFIER = com.Bump.SocialLabel;
				PRODUCT_NAME = "$(TARGET_NAME)";
				SWIFT_VERSION = 4.2;
				TARGETED_DEVICE_FAMILY = "1,2";
			};
			name = Release;
		};
/* End XCBuildConfiguration section */

/* Begin XCConfigurationList section */
		9F778B1E219BBF1D008C32A2 /* Build configuration list for PBXProject "SocialLabel" */ = {
			isa = XCConfigurationList;
			buildConfigurations = (
				9F778B33219BBF1E008C32A2 /* Debug */,
				9F778B34219BBF1E008C32A2 /* Release */,
			);
			defaultConfigurationIsVisible = 0;
			defaultConfigurationName = Release;
		};
		9F778B35219BBF1E008C32A2 /* Build configuration list for PBXNativeTarget "SocialLabel" */ = {
			isa = XCConfigurationList;
			buildConfigurations = (
				9F778B36219BBF1E008C32A2 /* Debug */,
				9F778B37219BBF1E008C32A2 /* Release */,
			);
			defaultConfigurationIsVisible = 0;
			defaultConfigurationName = Release;
		};
/* End XCConfigurationList section */
	};
	rootObject = 9F778B1B219BBF1C008C32A2 /* Project object */;
}
